
Microsoft Visual Studio Solution File, Format Version 12.00
# Visual Studio Version 17
VisualStudioVersion = 17.0.32112.339
MinimumVisualStudioVersion = 10.0.40219.1
Project("{FAE04EC0-301F-11D3-BF4B-00C04F79EFBC}") = "TodoList", "TodoList\TodoList.csproj", "{1E576A63-9D1D-4A3A-8B9B-DB40FBA473EF}"
EndProject
Global
	GlobalSection(SolutionConfigurationPlatforms) = preSolution
		Debug|Any CPU = Debug|Any CPU
		Release|Any CPU = Release|Any CPU
	EndGlobalSection
	GlobalSection(ProjectConfigurationPlatforms) = postSolution
		{1E576A63-9D1D-4A3A-8B9B-DB40FBA473EF}.Debug|Any CPU.ActiveCfg = Debug|Any CPU
		{1E576A63-9D1D-4A3A-8B9B-DB40FBA473EF}.Debug|Any CPU.Build.0 = Debug|Any CPU
		{1E576A63-9D1D-4A3A-8B9B-DB40FBA473EF}.Release|Any CPU.ActiveCfg = Release|Any CPU
		{1E576A63-9D1D-4A3A-8B9B-DB40FBA473EF}.Release|Any CPU.Build.0 = Release|Any CPU
	EndGlobalSection
	GlobalSection(SolutionProperties) = preSolution
		HideSolutionNode = FALSE
	EndGlobalSection
	GlobalSection(ExtensibilityGlobals) = postSolution
		SolutionGuid = {4F4B002F-3D47-4421-AD1A-A7C0C1ED11C8}
	EndGlobalSection
EndGlobal
